
Microsoft Visual Studio Solution File, Format Version 12.00
# Visual Studio Version 16
VisualStudioVersion = 16.0.29728.190
MinimumVisualStudioVersion = 10.0.40219.1
Project("{FAE04EC0-301F-11D3-BF4B-00C04F79EFBC}") = "ProjectD1", "ProjectD1\ProjectD1.csproj", "{4E899152-4E3D-4A5E-A305-CF07242AA67E}"
EndProject
Global
	GlobalSection(SolutionConfigurationPlatforms) = preSolution
		Debug|Any CPU = Debug|Any CPU
		Release|Any CPU = Release|Any CPU
	EndGlobalSection
	GlobalSection(ProjectConfigurationPlatforms) = postSolution
		{4E899152-4E3D-4A5E-A305-CF07242AA67E}.Debug|Any CPU.ActiveCfg = Debug|Any CPU
		{4E899152-4E3D-4A5E-A305-CF07242AA67E}.Debug|Any CPU.Build.0 = Debug|Any CPU
		{4E899152-4E3D-4A5E-A305-CF07242AA67E}.Release|Any CPU.ActiveCfg = Release|Any CPU
		{4E899152-4E3D-4A5E-A305-CF07242AA67E}.Release|Any CPU.Build.0 = Release|Any CPU
	EndGlobalSection
	GlobalSection(SolutionProperties) = preSolution
		HideSolutionNode = FALSE
	EndGlobalSection
	GlobalSection(ExtensibilityGlobals) = postSolution
		SolutionGuid = {22827BF4-81E2-45BF-B17D-377EF66E99A1}
	EndGlobalSection
EndGlobal
